// !$*UTF8*$!
{
	archiveVersion = 1;
	classes = {
	};
	objectVersion = 46;
	objects = {

/* Begin PBXBuildFile section */
		1D60589F0D05DD5A006BFB54 /* Foundation.framework in Frameworks */ = {isa = PBXBuildFile; fileRef = 1D30AB110D05D00D00671497 /* Foundation.framework */; };
		1DF5F4E00D08C38300B7A737 /* UIKit.framework in Frameworks */ = {isa = PBXBuildFile; fileRef = 1DF5F4DF0D08C38300B7A737 /* UIKit.framework */; };
		288765FD0DF74451002DB57D /* CoreGraphics.framework in Frameworks */ = {isa = PBXBuildFile; fileRef = 288765FC0DF74451002DB57D /* CoreGraphics.framework */; };
		5326AEA810A23A0500278DE6 /* CoreLocation.framework in Frameworks */ = {isa = PBXBuildFile; fileRef = 5326AEA710A23A0500278DE6 /* CoreLocation.framework */; };
		53F323EB10A20EDB00E0DAE4 /* OpenAL.framework in Frameworks */ = {isa = PBXBuildFile; fileRef = 53F323EA10A20EDB00E0DAE4 /* OpenAL.framework */; };
		678E130A17951536005B6D19 /* Icon.png in Resources */ = {isa = PBXBuildFile; fileRef = 678E130917951536005B6D19 /* Icon.png */; };
		67DFA53619F92A69003B3434 /* Accelerate.framework in Frameworks */ = {isa = PBXBuildFile; fileRef = 67DFA53419F92A5E003B3434 /* Accelerate.framework */; };
		B60BAFB81CAAD1FE006CAB37 /* swipeRecognition.mm in Sources */ = {isa = PBXBuildFile; fileRef = B60BAFB71CAAD1FE006CAB37 /* swipeRecognition.mm */; };
		B6106C821C7F7244004F1D40 /* libofxiOS_iphoneos_Debug.a in Frameworks */ = {isa = PBXBuildFile; fileRef = B6106C7F1C7F71B9004F1D40 /* libofxiOS_iphoneos_Debug.a */; };
		B66073311C665D250095E989 /* ofxOscBundle.cpp in Sources */ = {isa = PBXBuildFile; fileRef = B660732C1C665D250095E989 /* ofxOscBundle.cpp */; };
		B66073321C665D250095E989 /* ofxOscMessage.cpp in Sources */ = {isa = PBXBuildFile; fileRef = B660732D1C665D250095E989 /* ofxOscMessage.cpp */; };
		B66073331C665D250095E989 /* ofxOscParameterSync.cpp in Sources */ = {isa = PBXBuildFile; fileRef = B660732E1C665D250095E989 /* ofxOscParameterSync.cpp */; };
		B66073341C665D250095E989 /* ofxOscReceiver.cpp in Sources */ = {isa = PBXBuildFile; fileRef = B660732F1C665D250095E989 /* ofxOscReceiver.cpp */; };
		B66073351C665D250095E989 /* ofxOscSender.cpp in Sources */ = {isa = PBXBuildFile; fileRef = B66073301C665D250095E989 /* ofxOscSender.cpp */; };
		B66073371C665D670095E989 /* IpEndpointName.cpp in Sources */ = {isa = PBXBuildFile; fileRef = B66073361C665D670095E989 /* IpEndpointName.cpp */; };
		B660733A1C665D970095E989 /* NetworkingUtils.cpp in Sources */ = {isa = PBXBuildFile; fileRef = B66073381C665D970095E989 /* NetworkingUtils.cpp */; };
		B660733B1C665D970095E989 /* UdpSocket.cpp in Sources */ = {isa = PBXBuildFile; fileRef = B66073391C665D970095E989 /* UdpSocket.cpp */; };
		B66073401C665DDA0095E989 /* OscOutboundPacketStream.cpp in Sources */ = {isa = PBXBuildFile; fileRef = B660733C1C665DDA0095E989 /* OscOutboundPacketStream.cpp */; };
		B66073411C665DDA0095E989 /* OscPrintReceivedElements.cpp in Sources */ = {isa = PBXBuildFile; fileRef = B660733D1C665DDA0095E989 /* OscPrintReceivedElements.cpp */; };
		B66073421C665DDA0095E989 /* OscReceivedElements.cpp in Sources */ = {isa = PBXBuildFile; fileRef = B660733E1C665DDA0095E989 /* OscReceivedElements.cpp */; };
		B66073431C665DDA0095E989 /* OscTypes.cpp in Sources */ = {isa = PBXBuildFile; fileRef = B660733F1C665DDA0095E989 /* OscTypes.cpp */; };
		B6D4637B1DA6FA0B00428A78 /* SimpleAudioPlayer.m in Sources */ = {isa = PBXBuildFile; fileRef = B6D463781DA6FA0B00428A78 /* SimpleAudioPlayer.m */; };
		B6D4637C1DA6FA0B00428A78 /* Wrapper.mm in Sources */ = {isa = PBXBuildFile; fileRef = B6D4637A1DA6FA0B00428A78 /* Wrapper.mm */; };
		BB16EBD20F2B2A9500518274 /* OpenGLES.framework in Frameworks */ = {isa = PBXBuildFile; fileRef = BB16EBD10F2B2A9500518274 /* OpenGLES.framework */; };
		BB16EBD90F2B2AB500518274 /* QuartzCore.framework in Frameworks */ = {isa = PBXBuildFile; fileRef = BB16EBD80F2B2AB500518274 /* QuartzCore.framework */; };
		BBE5EAB80F49AD8400F28951 /* AudioToolbox.framework in Frameworks */ = {isa = PBXBuildFile; fileRef = BBE5EAB70F49AD8400F28951 /* AudioToolbox.framework */; };
		BC9C7BD01C57DE43004E259B /* Button.cpp in Sources */ = {isa = PBXBuildFile; fileRef = BC9C7BC01C57DE43004E259B /* Button.cpp */; };
		BC9C7BD11C57DE43004E259B /* Fader.cpp in Sources */ = {isa = PBXBuildFile; fileRef = BC9C7BC31C57DE43004E259B /* Fader.cpp */; };
		BC9C7BD21C57DE43004E259B /* main.cpp in Sources */ = {isa = PBXBuildFile; fileRef = BC9C7BC51C57DE43004E259B /* main.cpp */; };
		BC9C7BD31C57DE43004E259B /* Module.cpp in Sources */ = {isa = PBXBuildFile; fileRef = BC9C7BC61C57DE43004E259B /* Module.cpp */; };
		BC9C7BD41C57DE43004E259B /* ModuleConsole.cpp in Sources */ = {isa = PBXBuildFile; fileRef = BC9C7BC81C57DE43004E259B /* ModuleConsole.cpp */; };
		BC9C7BD51C57DE43004E259B /* ofApp.cpp in Sources */ = {isa = PBXBuildFile; fileRef = BC9C7BCA1C57DE43004E259B /* ofApp.cpp */; };
		BC9C7BD61C57DE43004E259B /* Particle.cpp in Sources */ = {isa = PBXBuildFile; fileRef = BC9C7BCC1C57DE43004E259B /* Particle.cpp */; };
		BC9C7BD71C57DE43004E259B /* Touch.cpp in Sources */ = {isa = PBXBuildFile; fileRef = BC9C7BCE1C57DE43004E259B /* Touch.cpp */; };
		E41D400B13B39D2100A75A5D /* AVFoundation.framework in Frameworks */ = {isa = PBXBuildFile; fileRef = E41D400613B39D2100A75A5D /* AVFoundation.framework */; };
		E41D400C13B39D2100A75A5D /* CoreMedia.framework in Frameworks */ = {isa = PBXBuildFile; fileRef = E41D400713B39D2100A75A5D /* CoreMedia.framework */; };
		E41D400D13B39D2100A75A5D /* CoreVideo.framework in Frameworks */ = {isa = PBXBuildFile; fileRef = E41D400813B39D2100A75A5D /* CoreVideo.framework */; };
		E41D400E13B39D2100A75A5D /* MapKit.framework in Frameworks */ = {isa = PBXBuildFile; fileRef = E41D400913B39D2100A75A5D /* MapKit.framework */; };
/* End PBXBuildFile section */

/* Begin PBXContainerItemProxy section */
		B6106C7E1C7F71B9004F1D40 /* PBXContainerItemProxy */ = {
			isa = PBXContainerItemProxy;
			containerPortal = E41D40FD13B3A0D800A75A5D /* iOS+OFLib.xcodeproj */;
			proxyType = 2;
			remoteGlobalIDString = BB24DED610DA7A3F00E9C588;
			remoteInfo = "iPhone+OF Static Library";
		};
		B6106C801C7F7239004F1D40 /* PBXContainerItemProxy */ = {
			isa = PBXContainerItemProxy;
			containerPortal = E41D40FD13B3A0D800A75A5D /* iOS+OFLib.xcodeproj */;
			proxyType = 1;
			remoteGlobalIDString = BB24DE5C10DA7A3F00E9C588;
			remoteInfo = "iPhone+OF Static Library";
		};
/* End PBXContainerItemProxy section */

/* Begin PBXFileReference section */
		01E18115C9032F504072A8B3 /* ofxOsc.h */ = {isa = PBXFileReference; explicitFileType = sourcecode.c.h; fileEncoding = 30; name = ofxOsc.h; path = ../../../../../Desktop/of_v0.9.0_ios_release/addons/ofxOsc/src/ofxOsc.h; sourceTree = SOURCE_ROOT; };
		088584BD5196E406F069AE7E /* IpEndpointName.cpp */ = {isa = PBXFileReference; explicitFileType = sourcecode.cpp.cpp; fileEncoding = 30; name = IpEndpointName.cpp; path = ../../../../../Desktop/of_v0.9.0_ios_release/addons/ofxOsc/libs/oscpack/src/ip/IpEndpointName.cpp; sourceTree = SOURCE_ROOT; };
		1D30AB110D05D00D00671497 /* Foundation.framework */ = {isa = PBXFileReference; lastKnownFileType = wrapper.framework; name = Foundation.framework; path = System/Library/Frameworks/Foundation.framework; sourceTree = SDKROOT; };
		1D6058910D05DD3D006BFB54 /* Gamult.app */ = {isa = PBXFileReference; explicitFileType = wrapper.application; includeInIndex = 0; path = Gamult.app; sourceTree = BUILT_PRODUCTS_DIR; };
		1DF5F4DF0D08C38300B7A737 /* UIKit.framework */ = {isa = PBXFileReference; lastKnownFileType = wrapper.framework; name = UIKit.framework; path = System/Library/Frameworks/UIKit.framework; sourceTree = SDKROOT; };
		2169F6AD950EBC97738B0DA8 /* OscReceivedElements.h */ = {isa = PBXFileReference; explicitFileType = sourcecode.c.h; fileEncoding = 30; name = OscReceivedElements.h; path = ../../../../../Desktop/of_v0.9.0_ios_release/addons/ofxOsc/libs/oscpack/src/osc/OscReceivedElements.h; sourceTree = SOURCE_ROOT; };
		226E8EDE1040061DCB7E37B5 /* ofxOscParameterSync.cpp */ = {isa = PBXFileReference; explicitFileType = sourcecode.cpp.cpp; fileEncoding = 30; name = ofxOscParameterSync.cpp; path = ../../../../../Desktop/of_v0.9.0_ios_release/addons/ofxOsc/src/ofxOscParameterSync.cpp; sourceTree = SOURCE_ROOT; };
		23D46AE3F7F715C793AA6460 /* ofxOscArg.h */ = {isa = PBXFileReference; explicitFileType = sourcecode.c.h; fileEncoding = 30; name = ofxOscArg.h; path = ../../../../../Desktop/of_v0.9.0_ios_release/addons/ofxOsc/src/ofxOscArg.h; sourceTree = SOURCE_ROOT; };
		27C5077218CDD4D6E15A00BA /* OscPrintReceivedElements.cpp */ = {isa = PBXFileReference; explicitFileType = sourcecode.cpp.cpp; fileEncoding = 30; name = OscPrintReceivedElements.cpp; path = ../../../../../Desktop/of_v0.9.0_ios_release/addons/ofxOsc/libs/oscpack/src/osc/OscPrintReceivedElements.cpp; sourceTree = SOURCE_ROOT; };
		288765FC0DF74451002DB57D /* CoreGraphics.framework */ = {isa = PBXFileReference; lastKnownFileType = wrapper.framework; name = CoreGraphics.framework; path = System/Library/Frameworks/CoreGraphics.framework; sourceTree = SDKROOT; };
		32CA4F630368D1EE00C91783 /* ofxiOS_Prefix.pch */ = {isa = PBXFileReference; fileEncoding = 4; lastKnownFileType = sourcecode.c.h; path = ofxiOS_Prefix.pch; sourceTree = "<group>"; };
		3ABB9AF95305E1423A134EE3 /* OscPacketListener.h */ = {isa = PBXFileReference; explicitFileType = sourcecode.c.h; fileEncoding = 30; name = OscPacketListener.h; path = ../../../../../Desktop/of_v0.9.0_ios_release/addons/ofxOsc/libs/oscpack/src/osc/OscPacketListener.h; sourceTree = SOURCE_ROOT; };
		3AC311D4449DFB1FA7556EE7 /* OscPrintReceivedElements.h */ = {isa = PBXFileReference; explicitFileType = sourcecode.c.h; fileEncoding = 30; name = OscPrintReceivedElements.h; path = ../../../../../Desktop/of_v0.9.0_ios_release/addons/ofxOsc/libs/oscpack/src/osc/OscPrintReceivedElements.h; sourceTree = SOURCE_ROOT; };
		3B3D06ACC38E85319A1CFADC /* UdpSocket.cpp */ = {isa = PBXFileReference; explicitFileType = sourcecode.cpp.cpp; fileEncoding = 30; name = UdpSocket.cpp; path = ../../../../../Desktop/of_v0.9.0_ios_release/addons/ofxOsc/libs/oscpack/src/ip/posix/UdpSocket.cpp; sourceTree = SOURCE_ROOT; };
		3CCF4B2C2564C09F7743F3F1 /* NetworkingUtils.h */ = {isa = PBXFileReference; explicitFileType = sourcecode.c.h; fileEncoding = 30; name = NetworkingUtils.h; path = ../../../../../Desktop/of_v0.9.0_ios_release/addons/ofxOsc/libs/oscpack/src/ip/NetworkingUtils.h; sourceTree = SOURCE_ROOT; };
		40396D9FEBE5BA8AEFBC108E /* ofxOscReceiver.h */ = {isa = PBXFileReference; explicitFileType = sourcecode.c.h; fileEncoding = 30; name = ofxOscReceiver.h; path = ../../../../../Desktop/of_v0.9.0_ios_release/addons/ofxOsc/src/ofxOscReceiver.h; sourceTree = SOURCE_ROOT; };
		5326AEA710A23A0500278DE6 /* CoreLocation.framework */ = {isa = PBXFileReference; lastKnownFileType = wrapper.framework; name = CoreLocation.framework; path = System/Library/Frameworks/CoreLocation.framework; sourceTree = SDKROOT; };
		53F323EA10A20EDB00E0DAE4 /* OpenAL.framework */ = {isa = PBXFileReference; lastKnownFileType = wrapper.framework; name = OpenAL.framework; path = System/Library/Frameworks/OpenAL.framework; sourceTree = SDKROOT; };
		56AAAC94A31875BE9855ACB8 /* PacketListener.h */ = {isa = PBXFileReference; explicitFileType = sourcecode.c.h; fileEncoding = 30; name = PacketListener.h; path = ../../../../../Desktop/of_v0.9.0_ios_release/addons/ofxOsc/libs/oscpack/src/ip/PacketListener.h; sourceTree = SOURCE_ROOT; };
		678E130917951536005B6D19 /* Icon.png */ = {isa = PBXFileReference; lastKnownFileType = image.png; name = Icon.png; path = bin/data/Icon.png; sourceTree = "<group>"; };
		67DFA53419F92A5E003B3434 /* Accelerate.framework */ = {isa = PBXFileReference; lastKnownFileType = wrapper.framework; name = Accelerate.framework; path = System/Library/Frameworks/Accelerate.framework; sourceTree = SDKROOT; };
		68C9830DD73F94280833DCB1 /* NetworkingUtils.cpp */ = {isa = PBXFileReference; explicitFileType = sourcecode.cpp.cpp; fileEncoding = 30; name = NetworkingUtils.cpp; path = ../../../../../Desktop/of_v0.9.0_ios_release/addons/ofxOsc/libs/oscpack/src/ip/posix/NetworkingUtils.cpp; sourceTree = SOURCE_ROOT; };
		6BA5431B63FB427D53FDE87D /* ofxOscSender.cpp */ = {isa = PBXFileReference; explicitFileType = sourcecode.cpp.cpp; fileEncoding = 30; name = ofxOscSender.cpp; path = ../../../../../Desktop/of_v0.9.0_ios_release/addons/ofxOsc/src/ofxOscSender.cpp; sourceTree = SOURCE_ROOT; };
		6F70F293E701192984C03613 /* ofxOscBundle.cpp */ = {isa = PBXFileReference; explicitFileType = sourcecode.cpp.cpp; fileEncoding = 30; name = ofxOscBundle.cpp; path = ../../../../../Desktop/of_v0.9.0_ios_release/addons/ofxOsc/src/ofxOscBundle.cpp; sourceTree = SOURCE_ROOT; };
		7AC08497A94ABEABD93A3466 /* ofxOscParameterSync.h */ = {isa = PBXFileReference; explicitFileType = sourcecode.c.h; fileEncoding = 30; name = ofxOscParameterSync.h; path = ../../../../../Desktop/of_v0.9.0_ios_release/addons/ofxOsc/src/ofxOscParameterSync.h; sourceTree = SOURCE_ROOT; };
		8BE5079B8E2FCA119A62A472 /* MessageMappingOscPacketListener.h */ = {isa = PBXFileReference; explicitFileType = sourcecode.c.h; fileEncoding = 30; name = MessageMappingOscPacketListener.h; path = ../../../../../Desktop/of_v0.9.0_ios_release/addons/ofxOsc/libs/oscpack/src/osc/MessageMappingOscPacketListener.h; sourceTree = SOURCE_ROOT; };
		9CBB36685BD10EF38D511363 /* IpEndpointName.h */ = {isa = PBXFileReference; explicitFileType = sourcecode.c.h; fileEncoding = 30; name = IpEndpointName.h; path = ../../../../../Desktop/of_v0.9.0_ios_release/addons/ofxOsc/libs/oscpack/src/ip/IpEndpointName.h; sourceTree = SOURCE_ROOT; };
		A448370217518E296FFB7E81 /* UdpSocket.h */ = {isa = PBXFileReference; explicitFileType = sourcecode.c.h; fileEncoding = 30; name = UdpSocket.h; path = ../../../../../Desktop/of_v0.9.0_ios_release/addons/ofxOsc/libs/oscpack/src/ip/UdpSocket.h; sourceTree = SOURCE_ROOT; };
		AA718B1456C1188D7211C955 /* OscTypes.cpp */ = {isa = PBXFileReference; explicitFileType = sourcecode.cpp.cpp; fileEncoding = 30; name = OscTypes.cpp; path = ../../../../../Desktop/of_v0.9.0_ios_release/addons/ofxOsc/libs/oscpack/src/osc/OscTypes.cpp; sourceTree = SOURCE_ROOT; };
		AA9D2DA1F5A58E88C516022B /* OscReceivedElements.cpp */ = {isa = PBXFileReference; explicitFileType = sourcecode.cpp.cpp; fileEncoding = 30; name = OscReceivedElements.cpp; path = ../../../../../Desktop/of_v0.9.0_ios_release/addons/ofxOsc/libs/oscpack/src/osc/OscReceivedElements.cpp; sourceTree = SOURCE_ROOT; };
		B60BAFB61CAAD1FE006CAB37 /* swipeRecognition.h */ = {isa = PBXFileReference; fileEncoding = 4; lastKnownFileType = sourcecode.c.h; name = swipeRecognition.h; path = ../swipeRecognition.h; sourceTree = "<group>"; };
		B60BAFB71CAAD1FE006CAB37 /* swipeRecognition.mm */ = {isa = PBXFileReference; fileEncoding = 4; lastKnownFileType = sourcecode.cpp.objcpp; name = swipeRecognition.mm; path = ../swipeRecognition.mm; sourceTree = "<group>"; };
		B660732C1C665D250095E989 /* ofxOscBundle.cpp */ = {isa = PBXFileReference; lastKnownFileType = sourcecode.cpp.cpp; name = ofxOscBundle.cpp; path = ../../../addons/ofxOsc/src/ofxOscBundle.cpp; sourceTree = "<group>"; };
		B660732D1C665D250095E989 /* ofxOscMessage.cpp */ = {isa = PBXFileReference; lastKnownFileType = sourcecode.cpp.cpp; name = ofxOscMessage.cpp; path = ../../../addons/ofxOsc/src/ofxOscMessage.cpp; sourceTree = "<group>"; };
		B660732E1C665D250095E989 /* ofxOscParameterSync.cpp */ = {isa = PBXFileReference; lastKnownFileType = sourcecode.cpp.cpp; name = ofxOscParameterSync.cpp; path = ../../../addons/ofxOsc/src/ofxOscParameterSync.cpp; sourceTree = "<group>"; };
		B660732F1C665D250095E989 /* ofxOscReceiver.cpp */ = {isa = PBXFileReference; lastKnownFileType = sourcecode.cpp.cpp; name = ofxOscReceiver.cpp; path = ../../../addons/ofxOsc/src/ofxOscReceiver.cpp; sourceTree = "<group>"; };
		B66073301C665D250095E989 /* ofxOscSender.cpp */ = {isa = PBXFileReference; lastKnownFileType = sourcecode.cpp.cpp; name = ofxOscSender.cpp; path = ../../../addons/ofxOsc/src/ofxOscSender.cpp; sourceTree = "<group>"; };
		B66073361C665D670095E989 /* IpEndpointName.cpp */ = {isa = PBXFileReference; lastKnownFileType = sourcecode.cpp.cpp; name = IpEndpointName.cpp; path = ../../../addons/ofxOsc/libs/oscpack/src/ip/IpEndpointName.cpp; sourceTree = "<group>"; };
		B66073381C665D970095E989 /* NetworkingUtils.cpp */ = {isa = PBXFileReference; lastKnownFileType = sourcecode.cpp.cpp; name = NetworkingUtils.cpp; path = ../../../addons/ofxOsc/libs/oscpack/src/ip/posix/NetworkingUtils.cpp; sourceTree = "<group>"; };
		B66073391C665D970095E989 /* UdpSocket.cpp */ = {isa = PBXFileReference; lastKnownFileType = sourcecode.cpp.cpp; name = UdpSocket.cpp; path = ../../../addons/ofxOsc/libs/oscpack/src/ip/posix/UdpSocket.cpp; sourceTree = "<group>"; };
		B660733C1C665DDA0095E989 /* OscOutboundPacketStream.cpp */ = {isa = PBXFileReference; lastKnownFileType = sourcecode.cpp.cpp; name = OscOutboundPacketStream.cpp; path = ../../../addons/ofxOsc/libs/oscpack/src/osc/OscOutboundPacketStream.cpp; sourceTree = "<group>"; };
		B660733D1C665DDA0095E989 /* OscPrintReceivedElements.cpp */ = {isa = PBXFileReference; lastKnownFileType = sourcecode.cpp.cpp; name = OscPrintReceivedElements.cpp; path = ../../../addons/ofxOsc/libs/oscpack/src/osc/OscPrintReceivedElements.cpp; sourceTree = "<group>"; };
		B660733E1C665DDA0095E989 /* OscReceivedElements.cpp */ = {isa = PBXFileReference; lastKnownFileType = sourcecode.cpp.cpp; name = OscReceivedElements.cpp; path = ../../../addons/ofxOsc/libs/oscpack/src/osc/OscReceivedElements.cpp; sourceTree = "<group>"; };
		B660733F1C665DDA0095E989 /* OscTypes.cpp */ = {isa = PBXFileReference; lastKnownFileType = sourcecode.cpp.cpp; name = OscTypes.cpp; path = ../../../addons/ofxOsc/libs/oscpack/src/osc/OscTypes.cpp; sourceTree = "<group>"; };
		B6CBDF371CE4D08E00DDDCE4 /* ofxCocosDenshion.mm */ = {isa = PBXFileReference; lastKnownFileType = sourcecode.cpp.objcpp; name = ofxCocosDenshion.mm; path = ../../../addons/ofxCocosDenshion/src/ofxCocosDenshion.mm; sourceTree = "<group>"; };
		B6D463771DA6FA0B00428A78 /* SimpleAudioPlayer.h */ = {isa = PBXFileReference; fileEncoding = 4; lastKnownFileType = sourcecode.c.h; path = SimpleAudioPlayer.h; sourceTree = "<group>"; };
		B6D463781DA6FA0B00428A78 /* SimpleAudioPlayer.m */ = {isa = PBXFileReference; fileEncoding = 4; lastKnownFileType = sourcecode.c.objc; path = SimpleAudioPlayer.m; sourceTree = "<group>"; };
		B6D463791DA6FA0B00428A78 /* Wrapper.h */ = {isa = PBXFileReference; fileEncoding = 4; lastKnownFileType = sourcecode.c.h; path = Wrapper.h; sourceTree = "<group>"; };
		B6D4637A1DA6FA0B00428A78 /* Wrapper.mm */ = {isa = PBXFileReference; fileEncoding = 4; lastKnownFileType = sourcecode.cpp.objcpp; path = Wrapper.mm; sourceTree = "<group>"; };
		BB16EBD10F2B2A9500518274 /* OpenGLES.framework */ = {isa = PBXFileReference; lastKnownFileType = wrapper.framework; name = OpenGLES.framework; path = System/Library/Frameworks/OpenGLES.framework; sourceTree = SDKROOT; };
		BB16EBD80F2B2AB500518274 /* QuartzCore.framework */ = {isa = PBXFileReference; lastKnownFileType = wrapper.framework; name = QuartzCore.framework; path = System/Library/Frameworks/QuartzCore.framework; sourceTree = SDKROOT; };
		BB24DDC910DA781C00E9C588 /* ofxiOS-Info.plist */ = {isa = PBXFileReference; fileEncoding = 4; lastKnownFileType = text.plist.xml; path = "ofxiOS-Info.plist"; sourceTree = "<group>"; };
		BBE5EAB70F49AD8400F28951 /* AudioToolbox.framework */ = {isa = PBXFileReference; lastKnownFileType = wrapper.framework; name = AudioToolbox.framework; path = System/Library/Frameworks/AudioToolbox.framework; sourceTree = SDKROOT; };
		BC597C191CF207CA00A7DDD7 /* CDAudioManager.m */ = {isa = PBXFileReference; fileEncoding = 4; lastKnownFileType = sourcecode.c.objc; name = CDAudioManager.m; path = ../../../addons/ofxCocosDenshion/libs/CocosDenshion/src/iOS/CDAudioManager.m; sourceTree = "<group>"; };
		BC597C1A1CF207CA00A7DDD7 /* CDOpenALSupport.m */ = {isa = PBXFileReference; fileEncoding = 4; lastKnownFileType = sourcecode.c.objc; name = CDOpenALSupport.m; path = ../../../addons/ofxCocosDenshion/libs/CocosDenshion/src/iOS/CDOpenALSupport.m; sourceTree = "<group>"; };
		BC597C1B1CF207CA00A7DDD7 /* CocosDenshion.m */ = {isa = PBXFileReference; fileEncoding = 4; lastKnownFileType = sourcecode.c.objc; name = CocosDenshion.m; path = ../../../addons/ofxCocosDenshion/libs/CocosDenshion/src/iOS/CocosDenshion.m; sourceTree = "<group>"; };
		BC597C1C1CF207CA00A7DDD7 /* SimpleAudioEngine_objc.m */ = {isa = PBXFileReference; fileEncoding = 4; lastKnownFileType = sourcecode.c.objc; name = SimpleAudioEngine_objc.m; path = ../../../addons/ofxCocosDenshion/libs/CocosDenshion/src/iOS/SimpleAudioEngine_objc.m; sourceTree = "<group>"; };
		BC597C1D1CF207CA00A7DDD7 /* SimpleAudioEngine.mm */ = {isa = PBXFileReference; fileEncoding = 4; lastKnownFileType = sourcecode.cpp.objcpp; name = SimpleAudioEngine.mm; path = ../../../addons/ofxCocosDenshion/libs/CocosDenshion/src/iOS/SimpleAudioEngine.mm; sourceTree = "<group>"; };
		BC9C7BC01C57DE43004E259B /* Button.cpp */ = {isa = PBXFileReference; explicitFileType = sourcecode.cpp.objcpp; fileEncoding = 4; name = Button.cpp; path = ../../src/Button.cpp; sourceTree = "<group>"; };
		BC9C7BC11C57DE43004E259B /* Button.h */ = {isa = PBXFileReference; fileEncoding = 4; lastKnownFileType = sourcecode.c.h; name = Button.h; path = ../../src/Button.h; sourceTree = "<group>"; };
		BC9C7BC21C57DE43004E259B /* Constants.h */ = {isa = PBXFileReference; fileEncoding = 4; lastKnownFileType = sourcecode.c.h; name = Constants.h; path = ../../src/Constants.h; sourceTree = "<group>"; };
		BC9C7BC31C57DE43004E259B /* Fader.cpp */ = {isa = PBXFileReference; explicitFileType = sourcecode.cpp.objcpp; fileEncoding = 4; name = Fader.cpp; path = ../../src/Fader.cpp; sourceTree = "<group>"; };
		BC9C7BC41C57DE43004E259B /* Fader.h */ = {isa = PBXFileReference; fileEncoding = 4; lastKnownFileType = sourcecode.c.h; name = Fader.h; path = ../../src/Fader.h; sourceTree = "<group>"; };
		BC9C7BC51C57DE43004E259B /* main.cpp */ = {isa = PBXFileReference; explicitFileType = sourcecode.cpp.objcpp; fileEncoding = 4; name = main.cpp; path = ../../src/main.cpp; sourceTree = "<group>"; };
		BC9C7BC61C57DE43004E259B /* Module.cpp */ = {isa = PBXFileReference; explicitFileType = sourcecode.cpp.objcpp; fileEncoding = 4; name = Module.cpp; path = ../../src/Module.cpp; sourceTree = "<group>"; };
		BC9C7BC71C57DE43004E259B /* Module.h */ = {isa = PBXFileReference; fileEncoding = 4; lastKnownFileType = sourcecode.c.h; name = Module.h; path = ../../src/Module.h; sourceTree = "<group>"; };
		BC9C7BC81C57DE43004E259B /* ModuleConsole.cpp */ = {isa = PBXFileReference; explicitFileType = sourcecode.cpp.objcpp; fileEncoding = 4; name = ModuleConsole.cpp; path = ../../src/ModuleConsole.cpp; sourceTree = "<group>"; };
		BC9C7BC91C57DE43004E259B /* ModuleConsole.h */ = {isa = PBXFileReference; fileEncoding = 4; lastKnownFileType = sourcecode.c.h; name = ModuleConsole.h; path = ../../src/ModuleConsole.h; sourceTree = "<group>"; };
		BC9C7BCA1C57DE43004E259B /* ofApp.cpp */ = {isa = PBXFileReference; explicitFileType = sourcecode.cpp.objcpp; fileEncoding = 4; name = ofApp.cpp; path = ../../src/ofApp.cpp; sourceTree = "<group>"; wrapsLines = 0; };
		BC9C7BCB1C57DE43004E259B /* ofApp.h */ = {isa = PBXFileReference; fileEncoding = 4; lastKnownFileType = sourcecode.c.h; name = ofApp.h; path = ../../src/ofApp.h; sourceTree = "<group>"; };
		BC9C7BCC1C57DE43004E259B /* Particle.cpp */ = {isa = PBXFileReference; explicitFileType = sourcecode.cpp.objcpp; fileEncoding = 4; name = Particle.cpp; path = ../../src/Particle.cpp; sourceTree = "<group>"; };
		BC9C7BCD1C57DE43004E259B /* Particle.h */ = {isa = PBXFileReference; fileEncoding = 4; lastKnownFileType = sourcecode.c.h; name = Particle.h; path = ../../src/Particle.h; sourceTree = "<group>"; };
		BC9C7BCE1C57DE43004E259B /* Touch.cpp */ = {isa = PBXFileReference; explicitFileType = sourcecode.cpp.objcpp; fileEncoding = 4; name = Touch.cpp; path = ../../src/Touch.cpp; sourceTree = "<group>"; };
		BC9C7BCF1C57DE43004E259B /* Touch.h */ = {isa = PBXFileReference; fileEncoding = 4; lastKnownFileType = sourcecode.c.h; name = Touch.h; path = ../../src/Touch.h; sourceTree = "<group>"; };
		BCE6FACA2409D8F6F1A41D1D /* OscHostEndianness.h */ = {isa = PBXFileReference; explicitFileType = sourcecode.c.h; fileEncoding = 30; name = OscHostEndianness.h; path = ../../../../../Desktop/of_v0.9.0_ios_release/addons/ofxOsc/libs/oscpack/src/osc/OscHostEndianness.h; sourceTree = SOURCE_ROOT; };
		BE6757AEBCA99F84DFA0780A /* ofxOscReceiver.cpp */ = {isa = PBXFileReference; explicitFileType = sourcecode.cpp.cpp; fileEncoding = 30; name = ofxOscReceiver.cpp; path = ../../../../../Desktop/of_v0.9.0_ios_release/addons/ofxOsc/src/ofxOscReceiver.cpp; sourceTree = SOURCE_ROOT; };
		C072DAD19B235F2ADBA03812 /* ofxOscMessage.h */ = {isa = PBXFileReference; explicitFileType = sourcecode.c.h; fileEncoding = 30; name = ofxOscMessage.h; path = ../../../../../Desktop/of_v0.9.0_ios_release/addons/ofxOsc/src/ofxOscMessage.h; sourceTree = SOURCE_ROOT; };
		D075CF818211380F3FE88C14 /* OscOutboundPacketStream.cpp */ = {isa = PBXFileReference; explicitFileType = sourcecode.cpp.cpp; fileEncoding = 30; name = OscOutboundPacketStream.cpp; path = ../../../../../Desktop/of_v0.9.0_ios_release/addons/ofxOsc/libs/oscpack/src/osc/OscOutboundPacketStream.cpp; sourceTree = SOURCE_ROOT; };
		D4DD0B346A84E33ED78BDCC1 /* ofxOscBundle.h */ = {isa = PBXFileReference; explicitFileType = sourcecode.c.h; fileEncoding = 30; name = ofxOscBundle.h; path = ../../../../../Desktop/of_v0.9.0_ios_release/addons/ofxOsc/src/ofxOscBundle.h; sourceTree = SOURCE_ROOT; };
		D562721E691192CE935923A1 /* ofxOscSender.h */ = {isa = PBXFileReference; explicitFileType = sourcecode.c.h; fileEncoding = 30; name = ofxOscSender.h; path = ../../../../../Desktop/of_v0.9.0_ios_release/addons/ofxOsc/src/ofxOscSender.h; sourceTree = SOURCE_ROOT; };
		E0D8573D1370EC2FC10948ED /* OscOutboundPacketStream.h */ = {isa = PBXFileReference; explicitFileType = sourcecode.c.h; fileEncoding = 30; name = OscOutboundPacketStream.h; path = ../../../../../Desktop/of_v0.9.0_ios_release/addons/ofxOsc/libs/oscpack/src/osc/OscOutboundPacketStream.h; sourceTree = SOURCE_ROOT; };
		E41D3ED613B38FB500A75A5D /* Project.xcconfig */ = {isa = PBXFileReference; fileEncoding = 4; lastKnownFileType = text.xcconfig; path = Project.xcconfig; sourceTree = "<group>"; };
		E41D3EE513B3906D00A75A5D /* CoreOF.xcconfig */ = {isa = PBXFileReference; fileEncoding = 4; lastKnownFileType = text.xcconfig; name = CoreOF.xcconfig; path = ../../../libs/openFrameworksCompiled/project/ios/CoreOF.xcconfig; sourceTree = SOURCE_ROOT; };
		E41D400613B39D2100A75A5D /* AVFoundation.framework */ = {isa = PBXFileReference; lastKnownFileType = wrapper.framework; name = AVFoundation.framework; path = System/Library/Frameworks/AVFoundation.framework; sourceTree = SDKROOT; };
		E41D400713B39D2100A75A5D /* CoreMedia.framework */ = {isa = PBXFileReference; lastKnownFileType = wrapper.framework; name = CoreMedia.framework; path = System/Library/Frameworks/CoreMedia.framework; sourceTree = SDKROOT; };
		E41D400813B39D2100A75A5D /* CoreVideo.framework */ = {isa = PBXFileReference; lastKnownFileType = wrapper.framework; name = CoreVideo.framework; path = System/Library/Frameworks/CoreVideo.framework; sourceTree = SDKROOT; };
		E41D400913B39D2100A75A5D /* MapKit.framework */ = {isa = PBXFileReference; lastKnownFileType = wrapper.framework; name = MapKit.framework; path = System/Library/Frameworks/MapKit.framework; sourceTree = SDKROOT; };
		E41D40FD13B3A0D800A75A5D /* iOS+OFLib.xcodeproj */ = {isa = PBXFileReference; lastKnownFileType = "wrapper.pb-project"; name = "iOS+OFLib.xcodeproj"; path = "../../../libs/openFrameworksCompiled/project/ios/iOS+OFLib.xcodeproj"; sourceTree = SOURCE_ROOT; };
		E4A823A312561BE3002F86A2 /* CoreGraphics.framework */ = {isa = PBXFileReference; lastKnownFileType = wrapper.framework; name = CoreGraphics.framework; path = System/Library/Frameworks/CoreGraphics.framework; sourceTree = SDKROOT; };
		E4EA1654C28D42A8AB5BB8EC /* OscException.h */ = {isa = PBXFileReference; explicitFileType = sourcecode.c.h; fileEncoding = 30; name = OscException.h; path = ../../../../../Desktop/of_v0.9.0_ios_release/addons/ofxOsc/libs/oscpack/src/osc/OscException.h; sourceTree = SOURCE_ROOT; };
		E65C7F5BB962179695BFD315 /* ofxOscMessage.cpp */ = {isa = PBXFileReference; explicitFileType = sourcecode.cpp.cpp; fileEncoding = 30; name = ofxOscMessage.cpp; path = ../../../../../Desktop/of_v0.9.0_ios_release/addons/ofxOsc/src/ofxOscMessage.cpp; sourceTree = SOURCE_ROOT; };
		F2B298AB0C71B0C980DD1C3E /* TimerListener.h */ = {isa = PBXFileReference; explicitFileType = sourcecode.c.h; fileEncoding = 30; name = TimerListener.h; path = ../../../../../Desktop/of_v0.9.0_ios_release/addons/ofxOsc/libs/oscpack/src/ip/TimerListener.h; sourceTree = SOURCE_ROOT; };
		F3215450084411A6140B6089 /* OscTypes.h */ = {isa = PBXFileReference; explicitFileType = sourcecode.c.h; fileEncoding = 30; name = OscTypes.h; path = ../../../../../Desktop/of_v0.9.0_ios_release/addons/ofxOsc/libs/oscpack/src/osc/OscTypes.h; sourceTree = SOURCE_ROOT; };
/* End PBXFileReference section */

/* Begin PBXFrameworksBuildPhase section */
		1D60588F0D05DD3D006BFB54 /* Frameworks */ = {
			isa = PBXFrameworksBuildPhase;
			buildActionMask = 2147483647;
			files = (
				B6106C821C7F7244004F1D40 /* libofxiOS_iphoneos_Debug.a in Frameworks */,
				1D60589F0D05DD5A006BFB54 /* Foundation.framework in Frameworks */,
				1DF5F4E00D08C38300B7A737 /* UIKit.framework in Frameworks */,
				288765FD0DF74451002DB57D /* CoreGraphics.framework in Frameworks */,
				BB16EBD20F2B2A9500518274 /* OpenGLES.framework in Frameworks */,
				BB16EBD90F2B2AB500518274 /* QuartzCore.framework in Frameworks */,
				BBE5EAB80F49AD8400F28951 /* AudioToolbox.framework in Frameworks */,
				53F323EB10A20EDB00E0DAE4 /* OpenAL.framework in Frameworks */,
				5326AEA810A23A0500278DE6 /* CoreLocation.framework in Frameworks */,
				E41D400B13B39D2100A75A5D /* AVFoundation.framework in Frameworks */,
				E41D400C13B39D2100A75A5D /* CoreMedia.framework in Frameworks */,
				E41D400D13B39D2100A75A5D /* CoreVideo.framework in Frameworks */,
				E41D400E13B39D2100A75A5D /* MapKit.framework in Frameworks */,
				67DFA53619F92A69003B3434 /* Accelerate.framework in Frameworks */,
			);
			runOnlyForDeploymentPostprocessing = 0;
		};
/* End PBXFrameworksBuildPhase section */

/* Begin PBXGroup section */
		19C28FACFE9D520D11CA2CBB /* Products */ = {
			isa = PBXGroup;
			children = (
				1D6058910D05DD3D006BFB54 /* Gamult.app */,
			);
			name = Products;
			sourceTree = "<group>";
		};
		29B97314FDCFA39411CA2CEA /* CustomTemplate */ = {
			isa = PBXGroup;
			children = (
				678E130917951536005B6D19 /* Icon.png */,
				E4D8936A11527B74007E1F53 /* src */,
				BB24E1F710DAA51900E9C588 /* openFrameworks */,
				BB16F26B0F2B646B00518274 /* addons */,
				BB16E9930F2B1E5900518274 /* libs */,
				19C28FACFE9D520D11CA2CBB /* Products */,
			);
			name = CustomTemplate;
			sourceTree = "<group>";
		};
		29B97323FDCFA39411CA2CEA /* core frameworks */ = {
			isa = PBXGroup;
			children = (
				E41D400613B39D2100A75A5D /* AVFoundation.framework */,
				E41D400713B39D2100A75A5D /* CoreMedia.framework */,
				E41D400813B39D2100A75A5D /* CoreVideo.framework */,
				E41D400913B39D2100A75A5D /* MapKit.framework */,
				53F323EA10A20EDB00E0DAE4 /* OpenAL.framework */,
				E4A823A312561BE3002F86A2 /* CoreGraphics.framework */,
				BBE5EAB70F49AD8400F28951 /* AudioToolbox.framework */,
				BB16EBD80F2B2AB500518274 /* QuartzCore.framework */,
				BB16EBD10F2B2A9500518274 /* OpenGLES.framework */,
				1DF5F4DF0D08C38300B7A737 /* UIKit.framework */,
				1D30AB110D05D00D00671497 /* Foundation.framework */,
				288765FC0DF74451002DB57D /* CoreGraphics.framework */,
				5326AEA710A23A0500278DE6 /* CoreLocation.framework */,
				67DFA53419F92A5E003B3434 /* Accelerate.framework */,
			);
			name = "core frameworks";
			sourceTree = "<group>";
		};
		30CB364908817057B430D528 /* osc */ = {
			isa = PBXGroup;
			children = (
				8BE5079B8E2FCA119A62A472 /* MessageMappingOscPacketListener.h */,
				E4EA1654C28D42A8AB5BB8EC /* OscException.h */,
				BCE6FACA2409D8F6F1A41D1D /* OscHostEndianness.h */,
				D075CF818211380F3FE88C14 /* OscOutboundPacketStream.cpp */,
				E0D8573D1370EC2FC10948ED /* OscOutboundPacketStream.h */,
				3ABB9AF95305E1423A134EE3 /* OscPacketListener.h */,
				27C5077218CDD4D6E15A00BA /* OscPrintReceivedElements.cpp */,
				3AC311D4449DFB1FA7556EE7 /* OscPrintReceivedElements.h */,
				AA9D2DA1F5A58E88C516022B /* OscReceivedElements.cpp */,
				2169F6AD950EBC97738B0DA8 /* OscReceivedElements.h */,
				AA718B1456C1188D7211C955 /* OscTypes.cpp */,
				F3215450084411A6140B6089 /* OscTypes.h */,
			);
			name = osc;
			sourceTree = "<group>";
		};
		38871A5825686AE018EC2BF0 /* libs */ = {
			isa = PBXGroup;
			children = (
				86D2677079A3AF4A5A88E29A /* oscpack */,
			);
			name = libs;
			sourceTree = "<group>";
		};
		641362CA659FAFEE4E81001B /* posix */ = {
			isa = PBXGroup;
			children = (
				68C9830DD73F94280833DCB1 /* NetworkingUtils.cpp */,
				3B3D06ACC38E85319A1CFADC /* UdpSocket.cpp */,
			);
			name = posix;
			sourceTree = "<group>";
		};
		6948EE371B920CB800B5AC1A /* local_addons */ = {
			isa = PBXGroup;
			children = (
			);
			name = local_addons;
			sourceTree = "<group>";
		};
		86D2677079A3AF4A5A88E29A /* oscpack */ = {
			isa = PBXGroup;
			children = (
				D27B2221A225CA523C019676 /* src */,
			);
			name = oscpack;
			sourceTree = "<group>";
		};
		B6106C7B1C7F71B8004F1D40 /* Products */ = {
			isa = PBXGroup;
			children = (
				B6106C7F1C7F71B9004F1D40 /* libofxiOS_iphoneos_Debug.a */,
			);
			name = Products;
			sourceTree = "<group>";
		};
		BB16E9930F2B1E5900518274 /* libs */ = {
			isa = PBXGroup;
			children = (
				BBE5E94E0F497BD800F28951 /* core */,
			);
			name = libs;
			sourceTree = "<group>";
		};
		BB16F26B0F2B646B00518274 /* addons */ = {
			isa = PBXGroup;
			children = (
				BC597C191CF207CA00A7DDD7 /* CDAudioManager.m */,
				BC597C1A1CF207CA00A7DDD7 /* CDOpenALSupport.m */,
				BC597C1B1CF207CA00A7DDD7 /* CocosDenshion.m */,
				BC597C1C1CF207CA00A7DDD7 /* SimpleAudioEngine_objc.m */,
				BC597C1D1CF207CA00A7DDD7 /* SimpleAudioEngine.mm */,
				B6CBDF371CE4D08E00DDDCE4 /* ofxCocosDenshion.mm */,
				E6053AB7FEC63D5F83825B88 /* ofxOsc */,
			);
			name = addons;
			sourceTree = "<group>";
		};
		BB24E1F710DAA51900E9C588 /* openFrameworks */ = {
			isa = PBXGroup;
			children = (
				E41D40FD13B3A0D800A75A5D /* iOS+OFLib.xcodeproj */,
				32CA4F630368D1EE00C91783 /* ofxiOS_Prefix.pch */,
				BB24DDC910DA781C00E9C588 /* ofxiOS-Info.plist */,
				E41D3EE513B3906D00A75A5D /* CoreOF.xcconfig */,
				6948EE371B920CB800B5AC1A /* local_addons */,
				E41D3ED613B38FB500A75A5D /* Project.xcconfig */,
			);
			name = openFrameworks;
			sourceTree = "<group>";
		};
		BBE5E94E0F497BD800F28951 /* core */ = {
			isa = PBXGroup;
			children = (
				29B97323FDCFA39411CA2CEA /* core frameworks */,
			);
			name = core;
			sourceTree = "<group>";
		};
		BD2F1A9F8D0C05EDB29122D0 /* src */ = {
			isa = PBXGroup;
			children = (
				01E18115C9032F504072A8B3 /* ofxOsc.h */,
				23D46AE3F7F715C793AA6460 /* ofxOscArg.h */,
				6F70F293E701192984C03613 /* ofxOscBundle.cpp */,
				D4DD0B346A84E33ED78BDCC1 /* ofxOscBundle.h */,
				E65C7F5BB962179695BFD315 /* ofxOscMessage.cpp */,
				C072DAD19B235F2ADBA03812 /* ofxOscMessage.h */,
				226E8EDE1040061DCB7E37B5 /* ofxOscParameterSync.cpp */,
				7AC08497A94ABEABD93A3466 /* ofxOscParameterSync.h */,
				BE6757AEBCA99F84DFA0780A /* ofxOscReceiver.cpp */,
				40396D9FEBE5BA8AEFBC108E /* ofxOscReceiver.h */,
				6BA5431B63FB427D53FDE87D /* ofxOscSender.cpp */,
				D562721E691192CE935923A1 /* ofxOscSender.h */,
			);
			name = src;
			sourceTree = "<group>";
		};
		D27B2221A225CA523C019676 /* src */ = {
			isa = PBXGroup;
			children = (
				FF8CDF57858E9B94E3237115 /* ip */,
				30CB364908817057B430D528 /* osc */,
			);
			name = src;
			sourceTree = "<group>";
		};
		E4D8936A11527B74007E1F53 /* src */ = {
			isa = PBXGroup;
			children = (
				B6D463771DA6FA0B00428A78 /* SimpleAudioPlayer.h */,
				B6D463781DA6FA0B00428A78 /* SimpleAudioPlayer.m */,
				B6D463791DA6FA0B00428A78 /* Wrapper.h */,
				B6D4637A1DA6FA0B00428A78 /* Wrapper.mm */,
				B60BAFB61CAAD1FE006CAB37 /* swipeRecognition.h */,
				B60BAFB71CAAD1FE006CAB37 /* swipeRecognition.mm */,
				BC9C7BC01C57DE43004E259B /* Button.cpp */,
				BC9C7BC11C57DE43004E259B /* Button.h */,
				BC9C7BC21C57DE43004E259B /* Constants.h */,
				BC9C7BC31C57DE43004E259B /* Fader.cpp */,
				BC9C7BC41C57DE43004E259B /* Fader.h */,
				BC9C7BC51C57DE43004E259B /* main.cpp */,
				BC9C7BC61C57DE43004E259B /* Module.cpp */,
				BC9C7BC71C57DE43004E259B /* Module.h */,
				BC9C7BC81C57DE43004E259B /* ModuleConsole.cpp */,
				BC9C7BC91C57DE43004E259B /* ModuleConsole.h */,
				BC9C7BCA1C57DE43004E259B /* ofApp.cpp */,
				BC9C7BCB1C57DE43004E259B /* ofApp.h */,
				BC9C7BCC1C57DE43004E259B /* Particle.cpp */,
				BC9C7BCD1C57DE43004E259B /* Particle.h */,
				BC9C7BCE1C57DE43004E259B /* Touch.cpp */,
				BC9C7BCF1C57DE43004E259B /* Touch.h */,
			);
			path = src;
			sourceTree = SOURCE_ROOT;
		};
		E6053AB7FEC63D5F83825B88 /* ofxOsc */ = {
			isa = PBXGroup;
			children = (
				B660733C1C665DDA0095E989 /* OscOutboundPacketStream.cpp */,
				B660733D1C665DDA0095E989 /* OscPrintReceivedElements.cpp */,
				B660733E1C665DDA0095E989 /* OscReceivedElements.cpp */,
				B660733F1C665DDA0095E989 /* OscTypes.cpp */,
				B66073381C665D970095E989 /* NetworkingUtils.cpp */,
				B66073391C665D970095E989 /* UdpSocket.cpp */,
				B66073361C665D670095E989 /* IpEndpointName.cpp */,
				B660732C1C665D250095E989 /* ofxOscBundle.cpp */,
				B660732D1C665D250095E989 /* ofxOscMessage.cpp */,
				B660732E1C665D250095E989 /* ofxOscParameterSync.cpp */,
				B660732F1C665D250095E989 /* ofxOscReceiver.cpp */,
				B66073301C665D250095E989 /* ofxOscSender.cpp */,
				BD2F1A9F8D0C05EDB29122D0 /* src */,
				38871A5825686AE018EC2BF0 /* libs */,
			);
			name = ofxOsc;
			sourceTree = "<group>";
		};
		FF8CDF57858E9B94E3237115 /* ip */ = {
			isa = PBXGroup;
			children = (
				088584BD5196E406F069AE7E /* IpEndpointName.cpp */,
				9CBB36685BD10EF38D511363 /* IpEndpointName.h */,
				3CCF4B2C2564C09F7743F3F1 /* NetworkingUtils.h */,
				56AAAC94A31875BE9855ACB8 /* PacketListener.h */,
				641362CA659FAFEE4E81001B /* posix */,
				F2B298AB0C71B0C980DD1C3E /* TimerListener.h */,
				A448370217518E296FFB7E81 /* UdpSocket.h */,
			);
			name = ip;
			sourceTree = "<group>";
		};
/* End PBXGroup section */

/* Begin PBXNativeTarget section */
		1D6058900D05DD3D006BFB54 /* Gamult_ios */ = {
			isa = PBXNativeTarget;
			buildConfigurationList = 1D6058960D05DD3E006BFB54 /* Build configuration list for PBXNativeTarget "Gamult_ios" */;
			buildPhases = (
				1D60588D0D05DD3D006BFB54 /* Resources */,
				1D60588E0D05DD3D006BFB54 /* Sources */,
				1D60588F0D05DD3D006BFB54 /* Frameworks */,
				9255DD331112741900D6945E /* ShellScript */,
			);
			buildRules = (
			);
			dependencies = (
				B6106C811C7F7239004F1D40 /* PBXTargetDependency */,
			);
			name = Gamult_ios;
			productName = iPhone;
			productReference = 1D6058910D05DD3D006BFB54 /* Gamult.app */;
			productType = "com.apple.product-type.application";
		};
/* End PBXNativeTarget section */

/* Begin PBXProject section */
		29B97313FDCFA39411CA2CEA /* Project object */ = {
			isa = PBXProject;
			attributes = {
				LastUpgradeCheck = 0600;
				TargetAttributes = {
					1D6058900D05DD3D006BFB54 = {
						DevelopmentTeam = 72KA8FYND2;
					};
				};
			};
			buildConfigurationList = C01FCF4E08A954540054247B /* Build configuration list for PBXProject "Gamult_ios" */;
			compatibilityVersion = "Xcode 3.2";
			developmentRegion = English;
			hasScannedForEncodings = 1;
			knownRegions = (
				English,
				Japanese,
				French,
				German,
			);
			mainGroup = 29B97314FDCFA39411CA2CEA /* CustomTemplate */;
			projectDirPath = "";
			projectReferences = (
				{
					ProductGroup = B6106C7B1C7F71B8004F1D40 /* Products */;
					ProjectRef = E41D40FD13B3A0D800A75A5D /* iOS+OFLib.xcodeproj */;
				},
			);
			projectRoot = "";
			targets = (
				1D6058900D05DD3D006BFB54 /* Gamult_ios */,
			);
		};
/* End PBXProject section */

/* Begin PBXReferenceProxy section */
		B6106C7F1C7F71B9004F1D40 /* libofxiOS_iphoneos_Debug.a */ = {
			isa = PBXReferenceProxy;
			fileType = archive.ar;
			path = libofxiOS_iphoneos_Debug.a;
			remoteRef = B6106C7E1C7F71B9004F1D40 /* PBXContainerItemProxy */;
			sourceTree = BUILT_PRODUCTS_DIR;
		};
/* End PBXReferenceProxy section */

/* Begin PBXResourcesBuildPhase section */
		1D60588D0D05DD3D006BFB54 /* Resources */ = {
			isa = PBXResourcesBuildPhase;
			buildActionMask = 2147483647;
			files = (
				678E130A17951536005B6D19 /* Icon.png in Resources */,
			);
			runOnlyForDeploymentPostprocessing = 0;
		};
/* End PBXResourcesBuildPhase section */

/* Begin PBXShellScriptBuildPhase section */
		9255DD331112741900D6945E /* ShellScript */ = {
			isa = PBXShellScriptBuildPhase;
			buildActionMask = 2147483647;
			files = (
			);
			inputPaths = (
			);
			outputPaths = (
			);
			runOnlyForDeploymentPostprocessing = 0;
			shellPath = /bin/sh;
			shellScript = "rsync -avz --exclude='.DS_Store' \"${SRCROOT}/bin/data/\" \"${TARGET_BUILD_DIR}/${UNLOCALIZED_RESOURCES_FOLDER_PATH}\"";
		};
/* End PBXShellScriptBuildPhase section */

/* Begin PBXSourcesBuildPhase section */
		1D60588E0D05DD3D006BFB54 /* Sources */ = {
			isa = PBXSourcesBuildPhase;
			buildActionMask = 2147483647;
			files = (
				B66073401C665DDA0095E989 /* OscOutboundPacketStream.cpp in Sources */,
				B6D4637B1DA6FA0B00428A78 /* SimpleAudioPlayer.m in Sources */,
				B66073411C665DDA0095E989 /* OscPrintReceivedElements.cpp in Sources */,
				B66073421C665DDA0095E989 /* OscReceivedElements.cpp in Sources */,
				B66073431C665DDA0095E989 /* OscTypes.cpp in Sources */,
				B60BAFB81CAAD1FE006CAB37 /* swipeRecognition.mm in Sources */,
				B660733A1C665D970095E989 /* NetworkingUtils.cpp in Sources */,
				B660733B1C665D970095E989 /* UdpSocket.cpp in Sources */,
				B66073371C665D670095E989 /* IpEndpointName.cpp in Sources */,
				B66073311C665D250095E989 /* ofxOscBundle.cpp in Sources */,
				B66073321C665D250095E989 /* ofxOscMessage.cpp in Sources */,
				B66073331C665D250095E989 /* ofxOscParameterSync.cpp in Sources */,
				B66073341C665D250095E989 /* ofxOscReceiver.cpp in Sources */,
				B66073351C665D250095E989 /* ofxOscSender.cpp in Sources */,
				BC9C7BD31C57DE43004E259B /* Module.cpp in Sources */,
				BC9C7BD11C57DE43004E259B /* Fader.cpp in Sources */,
				BC9C7BD61C57DE43004E259B /* Particle.cpp in Sources */,
				BC9C7BD21C57DE43004E259B /* main.cpp in Sources */,
				B6D4637C1DA6FA0B00428A78 /* Wrapper.mm in Sources */,
				BC9C7BD41C57DE43004E259B /* ModuleConsole.cpp in Sources */,
				BC9C7BD71C57DE43004E259B /* Touch.cpp in Sources */,
				BC9C7BD01C57DE43004E259B /* Button.cpp in Sources */,
				BC9C7BD51C57DE43004E259B /* ofApp.cpp in Sources */,
			);
			runOnlyForDeploymentPostprocessing = 0;
		};
/* End PBXSourcesBuildPhase section */

/* Begin PBXTargetDependency section */
		B6106C811C7F7239004F1D40 /* PBXTargetDependency */ = {
			isa = PBXTargetDependency;
			name = "iPhone+OF Static Library";
			targetProxy = B6106C801C7F7239004F1D40 /* PBXContainerItemProxy */;
		};
/* End PBXTargetDependency section */

/* Begin XCBuildConfiguration section */
		1D6058940D05DD3E006BFB54 /* Debug */ = {
			isa = XCBuildConfiguration;
			buildSettings = {
				ALWAYS_SEARCH_USER_PATHS = NO;
				CODE_SIGN_IDENTITY = "iPhone Developer";
				"CODE_SIGN_IDENTITY[sdk=iphoneos*]" = "iPhone Developer";
				GCC_PRECOMPILE_PREFIX_HEADER = YES;
				GCC_PREFIX_HEADER = ofxiOS_Prefix.pch;
				"GCC_WARN_64_TO_32_BIT_CONVERSION[arch=*64]" = NO;
				HEADER_SEARCH_PATHS = (
					"$(OF_CORE_HEADERS)",
					src,
					"$(OF_PATH)/addons/ofxOsc/libs",
					"$(OF_PATH)/addons/ofxOsc/libs/oscpack",
					"$(OF_PATH)/addons/ofxOsc/libs/oscpack/src",
					"$(OF_PATH)/addons/ofxOsc/libs/oscpack/src/ip",
					"$(OF_PATH)/addons/ofxOsc/libs/oscpack/src/ip/posix",
					"$(OF_PATH)/addons/ofxOsc/libs/oscpack/src/ip/win32",
					"$(OF_PATH)/addons/ofxOsc/libs/oscpack/src/osc",
					"$(OF_PATH)/addons/ofxOsc/src",
				);
				INFOPLIST_FILE = "ofxiOS-Info.plist";
				IPHONEOS_DEPLOYMENT_TARGET = 8.0;
				LIBRARY_SEARCH_PATHS = "";
				PRODUCT_BUNDLE_IDENTIFIER = com.casadamusica.Gamult;
				PRODUCT_NAME = Gamult;
				PROVISIONING_PROFILE = "";
				TARGETED_DEVICE_FAMILY = "1,2";
				VALID_ARCHS = "$(ARCHS_STANDARD)";
			};
			name = Debug;
		};
		1D6058950D05DD3E006BFB54 /* Release */ = {
			isa = XCBuildConfiguration;
			buildSettings = {
				CODE_SIGN_IDENTITY = "iPhone Developer";
				"CODE_SIGN_IDENTITY[sdk=iphoneos*]" = "iPhone Developer";
				GCC_PRECOMPILE_PREFIX_HEADER = YES;
				GCC_PREFIX_HEADER = ofxiOS_Prefix.pch;
				"GCC_WARN_64_TO_32_BIT_CONVERSION[arch=*64]" = NO;
				HEADER_SEARCH_PATHS = (
					"$(OF_CORE_HEADERS)",
					src,
					"$(OF_PATH)/addons/ofxOsc/libs",
					"$(OF_PATH)/addons/ofxOsc/libs/oscpack",
					"$(OF_PATH)/addons/ofxOsc/libs/oscpack/src",
					"$(OF_PATH)/addons/ofxOsc/libs/oscpack/src/ip",
					"$(OF_PATH)/addons/ofxOsc/libs/oscpack/src/ip/posix",
					"$(OF_PATH)/addons/ofxOsc/libs/oscpack/src/ip/win32",
					"$(OF_PATH)/addons/ofxOsc/libs/oscpack/src/osc",
					"$(OF_PATH)/addons/ofxOsc/src",
				);
				INFOPLIST_FILE = "ofxiOS-Info.plist";
				IPHONEOS_DEPLOYMENT_TARGET = 8.0;
				LIBRARY_SEARCH_PATHS = "";
				PRODUCT_BUNDLE_IDENTIFIER = com.casadamusica.Gamult;
				PRODUCT_NAME = Gamult;
				PROVISIONING_PROFILE = "";
				TARGETED_DEVICE_FAMILY = "1,2";
				VALID_ARCHS = "$(ARCHS_STANDARD)";
			};
			name = Release;
		};
		C01FCF4F08A954540054247B /* Debug */ = {
			isa = XCBuildConfiguration;
			baseConfigurationReference = E41D3ED613B38FB500A75A5D /* Project.xcconfig */;
			buildSettings = {
				ALWAYS_SEARCH_USER_PATHS = YES;
				CLANG_CXX_LIBRARY = "libc++";
				CODE_SIGN_IDENTITY = "";
				"CODE_SIGN_IDENTITY[sdk=iphoneos*]" = "iPhone Developer";
				"CODE_SIGN_IDENTITY[sdk=iphonesimulator*]" = "";
				COMPRESS_PNG_FILES = NO;
				GCC_C_LANGUAGE_STANDARD = c11;
				GCC_OPTIMIZATION_LEVEL = 0;
				GCC_SYMBOLS_PRIVATE_EXTERN = NO;
				"GCC_WARN_64_TO_32_BIT_CONVERSION[arch=*64]" = NO;
				GCC_WARN_ABOUT_INVALID_OFFSETOF_MACRO = NO;
				GCC_WARN_ABOUT_POINTER_SIGNEDNESS = NO;
				GCC_WARN_ABOUT_RETURN_TYPE = YES;
				GCC_WARN_ALLOW_INCOMPLETE_PROTOCOL = NO;
				GCC_WARN_PROTOTYPE_CONVERSION = NO;
				GCC_WARN_UNUSED_VARIABLE = YES;
				HEADER_SEARCH_PATHS = (
					"$(OF_CORE_HEADERS)",
					../../../../../Desktop/of_v0.9.0_ios_release/addons/ofxOsc/libs,
					../../../../../Desktop/of_v0.9.0_ios_release/addons/ofxOsc/libs/oscpack,
					../../../../../Desktop/of_v0.9.0_ios_release/addons/ofxOsc/libs/oscpack/src,
					../../../../../Desktop/of_v0.9.0_ios_release/addons/ofxOsc/libs/oscpack/src/ip,
					../../../../../Desktop/of_v0.9.0_ios_release/addons/ofxOsc/libs/oscpack/src/ip/posix,
					../../../../../Desktop/of_v0.9.0_ios_release/addons/ofxOsc/libs/oscpack/src/ip/win32,
					../../../../../Desktop/of_v0.9.0_ios_release/addons/ofxOsc/libs/oscpack/src/osc,
					../../../../../Desktop/of_v0.9.0_ios_release/addons/ofxOsc/src,
				);
				IPHONEOS_DEPLOYMENT_TARGET = 5.1.1;
				ONLY_ACTIVE_ARCH = NO;
				"PROVISIONING_PROFILE[sdk=iphoneos*]" = "";
				SDKROOT = iphoneos;
				TARGETED_DEVICE_FAMILY = 1;
				VALID_ARCHS = "$(ARCHS_STANDARD)";
				WARNING_LDFLAGS = "-no_arch_warnings";
			};
			name = Debug;
		};
		C01FCF5008A954540054247B /* Release */ = {
			isa = XCBuildConfiguration;
			baseConfigurationReference = E41D3ED613B38FB500A75A5D /* Project.xcconfig */;
			buildSettings = {
				ALWAYS_SEARCH_USER_PATHS = YES;
				CLANG_CXX_LIBRARY = "libc++";
				CODE_SIGN_IDENTITY = "";
				"CODE_SIGN_IDENTITY[sdk=iphoneos*]" = "iPhone Developer";
				"CODE_SIGN_IDENTITY[sdk=iphonesimulator*]" = "";
				COMPRESS_PNG_FILES = NO;
				GCC_C_LANGUAGE_STANDARD = c11;
				GCC_DYNAMIC_NO_PIC = NO;
				GCC_GENERATE_DEBUGGING_SYMBOLS = NO;
				GCC_OPTIMIZATION_LEVEL = s;
				GCC_SYMBOLS_PRIVATE_EXTERN = NO;
				GCC_THUMB_SUPPORT = NO;
				"GCC_WARN_64_TO_32_BIT_CONVERSION[arch=*64]" = NO;
				GCC_WARN_ABOUT_RETURN_TYPE = YES;
				GCC_WARN_UNUSED_VARIABLE = YES;
				HEADER_SEARCH_PATHS = (
					"$(OF_CORE_HEADERS)",
					../../../../../Desktop/of_v0.9.0_ios_release/addons/ofxOsc/libs,
					../../../../../Desktop/of_v0.9.0_ios_release/addons/ofxOsc/libs/oscpack,
					../../../../../Desktop/of_v0.9.0_ios_release/addons/ofxOsc/libs/oscpack/src,
					../../../../../Desktop/of_v0.9.0_ios_release/addons/ofxOsc/libs/oscpack/src/ip,
					../../../../../Desktop/of_v0.9.0_ios_release/addons/ofxOsc/libs/oscpack/src/ip/posix,
					../../../../../Desktop/of_v0.9.0_ios_release/addons/ofxOsc/libs/oscpack/src/ip/win32,
					../../../../../Desktop/of_v0.9.0_ios_release/addons/ofxOsc/libs/oscpack/src/osc,
					../../../../../Desktop/of_v0.9.0_ios_release/addons/ofxOsc/src,
				);
				IPHONEOS_DEPLOYMENT_TARGET = 5.1.1;
				ONLY_ACTIVE_ARCH = NO;
				SDKROOT = iphoneos;
				TARGETED_DEVICE_FAMILY = 1;
				VALID_ARCHS = "$(ARCHS_STANDARD)";
				WARNING_LDFLAGS = "-no_arch_warnings";
			};
			name = Release;
		};
/* End XCBuildConfiguration section */

/* Begin XCConfigurationList section */
		1D6058960D05DD3E006BFB54 /* Build configuration list for PBXNativeTarget "Gamult_ios" */ = {
			isa = XCConfigurationList;
			buildConfigurations = (
				1D6058940D05DD3E006BFB54 /* Debug */,
				1D6058950D05DD3E006BFB54 /* Release */,
			);
			defaultConfigurationIsVisible = 0;
			defaultConfigurationName = Release;
		};
		C01FCF4E08A954540054247B /* Build configuration list for PBXProject "Gamult_ios" */ = {
			isa = XCConfigurationList;
			buildConfigurations = (
				C01FCF4F08A954540054247B /* Debug */,
				C01FCF5008A954540054247B /* Release */,
			);
			defaultConfigurationIsVisible = 0;
			defaultConfigurationName = Release;
		};
/* End XCConfigurationList section */
	};
	rootObject = 29B97313FDCFA39411CA2CEA /* Project object */;
}
